// !$*UTF8*$!
{
	archiveVersion = 1;
	classes = {
	};
	objectVersion = 46;
	objects = {

/* Begin PBXBuildFile section */
		DD670D5F1F1AB2CF00F65363 /* AppDelegate.swift in Sources */ = {isa = PBXBuildFile; fileRef = DD670D5E1F1AB2CF00F65363 /* AppDelegate.swift */; };
		DD670D611F1AB2CF00F65363 /* ViewController.swift in Sources */ = {isa = PBXBuildFile; fileRef = DD670D601F1AB2CF00F65363 /* ViewController.swift */; };
		DD670D641F1AB2CF00F65363 /* Main.storyboard in Resources */ = {isa = PBXBuildFile; fileRef = DD670D621F1AB2CF00F65363 /* Main.storyboard */; };
		DD670D661F1AB2CF00F65363 /* Assets.xcassets in Resources */ = {isa = PBXBuildFile; fileRef = DD670D651F1AB2CF00F65363 /* Assets.xcassets */; };
		DD670D691F1AB2CF00F65363 /* LaunchScreen.storyboard in Resources */ = {isa = PBXBuildFile; fileRef = DD670D671F1AB2CF00F65363 /* LaunchScreen.storyboard */; };
		DD670D741F1AB2CF00F65363 /* MiraclePillTests.swift in Sources */ = {isa = PBXBuildFile; fileRef = DD670D731F1AB2CF00F65363 /* MiraclePillTests.swift */; };
		DD670D7F1F1AB2CF00F65363 /* MiraclePillUITests.swift in Sources */ = {isa = PBXBuildFile; fileRef = DD670D7E1F1AB2CF00F65363 /* MiraclePillUITests.swift */; };
/* End PBXBuildFile section */

/* Begin PBXContainerItemProxy section */
		DD670D701F1AB2CF00F65363 /* PBXContainerItemProxy */ = {
			isa = PBXContainerItemProxy;
			containerPortal = DD670D531F1AB2CF00F65363 /* Project object */;
			proxyType = 1;
			remoteGlobalIDString = DD670D5A1F1AB2CF00F65363;
			remoteInfo = MiraclePill;
		};
		DD670D7B1F1AB2CF00F65363 /* PBXContainerItemProxy */ = {
			isa = PBXContainerItemProxy;
			containerPortal = DD670D531F1AB2CF00F65363 /* Project object */;
			proxyType = 1;
			remoteGlobalIDString = DD670D5A1F1AB2CF00F65363;
			remoteInfo = MiraclePill;
		};
/* End PBXContainerItemProxy section */

/* Begin PBXFileReference section */
		DD670D5B1F1AB2CF00F65363 /* MiraclePill.app */ = {isa = PBXFileReference; explicitFileType = wrapper.application; includeInIndex = 0; path = MiraclePill.app; sourceTree = BUILT_PRODUCTS_DIR; };
		DD670D5E1F1AB2CF00F65363 /* AppDelegate.swift */ = {isa = PBXFileReference; lastKnownFileType = sourcecode.swift; path = AppDelegate.swift; sourceTree = "<group>"; };
		DD670D601F1AB2CF00F65363 /* ViewController.swift */ = {isa = PBXFileReference; lastKnownFileType = sourcecode.swift; path = ViewController.swift; sourceTree = "<group>"; };
		DD670D631F1AB2CF00F65363 /* Base */ = {isa = PBXFileReference; lastKnownFileType = file.storyboard; name = Base; path = Base.lproj/Main.storyboard; sourceTree = "<group>"; };
		DD670D651F1AB2CF00F65363 /* Assets.xcassets */ = {isa = PBXFileReference; lastKnownFileType = folder.assetcatalog; path = Assets.xcassets; sourceTree = "<group>"; };
		DD670D681F1AB2CF00F65363 /* Base */ = {isa = PBXFileReference; lastKnownFileType = file.storyboard; name = Base; path = Base.lproj/LaunchScreen.storyboard; sourceTree = "<group>"; };
		DD670D6A1F1AB2CF00F65363 /* Info.plist */ = {isa = PBXFileReference; lastKnownFileType = text.plist.xml; path = Info.plist; sourceTree = "<group>"; };
		DD670D6F1F1AB2CF00F65363 /* MiraclePillTests.xctest */ = {isa = PBXFileReference; explicitFileType = wrapper.cfbundle; includeInIndex = 0; path = MiraclePillTests.xctest; sourceTree = BUILT_PRODUCTS_DIR; };
		DD670D731F1AB2CF00F65363 /* MiraclePillTests.swift */ = {isa = PBXFileReference; lastKnownFileType = sourcecode.swift; path = MiraclePillTests.swift; sourceTree = "<group>"; };
		DD670D751F1AB2CF00F65363 /* Info.plist */ = {isa = PBXFileReference; lastKnownFileType = text.plist.xml; path = Info.plist; sourceTree = "<group>"; };
		DD670D7A1F1AB2CF00F65363 /* MiraclePillUITests.xctest */ = {isa = PBXFileReference; explicitFileType = wrapper.cfbundle; includeInIndex = 0; path = MiraclePillUITests.xctest; sourceTree = BUILT_PRODUCTS_DIR; };
		DD670D7E1F1AB2CF00F65363 /* MiraclePillUITests.swift */ = {isa = PBXFileReference; lastKnownFileType = sourcecode.swift; path = MiraclePillUITests.swift; sourceTree = "<group>"; };
		DD670D801F1AB2CF00F65363 /* Info.plist */ = {isa = PBXFileReference; lastKnownFileType = text.plist.xml; path = Info.plist; sourceTree = "<group>"; };
/* End PBXFileReference section */

/* Begin PBXFrameworksBuildPhase section */
		DD670D581F1AB2CF00F65363 /* Frameworks */ = {
			isa = PBXFrameworksBuildPhase;
			buildActionMask = 2147483647;
			files = (
			);
			runOnlyForDeploymentPostprocessing = 0;
		};
		DD670D6C1F1AB2CF00F65363 /* Frameworks */ = {
			isa = PBXFrameworksBuildPhase;
			buildActionMask = 2147483647;
			files = (
			);
			runOnlyForDeploymentPostprocessing = 0;
		};
		DD670D771F1AB2CF00F65363 /* Frameworks */ = {
			isa = PBXFrameworksBuildPhase;
			buildActionMask = 2147483647;
			files = (
			);
			runOnlyForDeploymentPostprocessing = 0;
		};
/* End PBXFrameworksBuildPhase section */

/* Begin PBXGroup section */
		DD670D521F1AB2CF00F65363 = {
			isa = PBXGroup;
			children = (
				DD670D5D1F1AB2CF00F65363 /* MiraclePill */,
				DD670D721F1AB2CF00F65363 /* MiraclePillTests */,
				DD670D7D1F1AB2CF00F65363 /* MiraclePillUITests */,
				DD670D5C1F1AB2CF00F65363 /* Products */,
			);
			sourceTree = "<group>";
		};
		DD670D5C1F1AB2CF00F65363 /* Products */ = {
			isa = PBXGroup;
			children = (
				DD670D5B1F1AB2CF00F65363 /* MiraclePill.app */,
				DD670D6F1F1AB2CF00F65363 /* MiraclePillTests.xctest */,
				DD670D7A1F1AB2CF00F65363 /* MiraclePillUITests.xctest */,
			);
			name = Products;
			sourceTree = "<group>";
		};
		DD670D5D1F1AB2CF00F65363 /* MiraclePill */ = {
			isa = PBXGroup;
			children = (
				DD670D5E1F1AB2CF00F65363 /* AppDelegate.swift */,
				DD670D601F1AB2CF00F65363 /* ViewController.swift */,
				DD670D621F1AB2CF00F65363 /* Main.storyboard */,
				DD670D651F1AB2CF00F65363 /* Assets.xcassets */,
				DD670D671F1AB2CF00F65363 /* LaunchScreen.storyboard */,
				DD670D6A1F1AB2CF00F65363 /* Info.plist */,
			);
			path = MiraclePill;
			sourceTree = "<group>";
		};
		DD670D721F1AB2CF00F65363 /* MiraclePillTests */ = {
			isa = PBXGroup;
			children = (
				DD670D731F1AB2CF00F65363 /* MiraclePillTests.swift */,
				DD670D751F1AB2CF00F65363 /* Info.plist */,
			);
			path = MiraclePillTests;
			sourceTree = "<group>";
		};
		DD670D7D1F1AB2CF00F65363 /* MiraclePillUITests */ = {
			isa = PBXGroup;
			children = (
				DD670D7E1F1AB2CF00F65363 /* MiraclePillUITests.swift */,
				DD670D801F1AB2CF00F65363 /* Info.plist */,
			);
			path = MiraclePillUITests;
			sourceTree = "<group>";
		};
/* End PBXGroup section */

/* Begin PBXNativeTarget section */
		DD670D5A1F1AB2CF00F65363 /* MiraclePill */ = {
			isa = PBXNativeTarget;
			buildConfigurationList = DD670D831F1AB2CF00F65363 /* Build configuration list for PBXNativeTarget "MiraclePill" */;
			buildPhases = (
				DD670D571F1AB2CF00F65363 /* Sources */,
				DD670D581F1AB2CF00F65363 /* Frameworks */,
				DD670D591F1AB2CF00F65363 /* Resources */,
			);
			buildRules = (
			);
			dependencies = (
			);
			name = MiraclePill;
			productName = MiraclePill;
			productReference = DD670D5B1F1AB2CF00F65363 /* MiraclePill.app */;
			productType = "com.apple.product-type.application";
		};
		DD670D6E1F1AB2CF00F65363 /* MiraclePillTests */ = {
			isa = PBXNativeTarget;
			buildConfigurationList = DD670D861F1AB2CF00F65363 /* Build configuration list for PBXNativeTarget "MiraclePillTests" */;
			buildPhases = (
				DD670D6B1F1AB2CF00F65363 /* Sources */,
				DD670D6C1F1AB2CF00F65363 /* Frameworks */,
				DD670D6D1F1AB2CF00F65363 /* Resources */,
			);
			buildRules = (
			);
			dependencies = (
				DD670D711F1AB2CF00F65363 /* PBXTargetDependency */,
			);
			name = MiraclePillTests;
			productName = MiraclePillTests;
			productReference = DD670D6F1F1AB2CF00F65363 /* MiraclePillTests.xctest */;
			productType = "com.apple.product-type.bundle.unit-test";
		};
		DD670D791F1AB2CF00F65363 /* MiraclePillUITests */ = {
			isa = PBXNativeTarget;
			buildConfigurationList = DD670D891F1AB2CF00F65363 /* Build configuration list for PBXNativeTarget "MiraclePillUITests" */;
			buildPhases = (
				DD670D761F1AB2CF00F65363 /* Sources */,
				DD670D771F1AB2CF00F65363 /* Frameworks */,
				DD670D781F1AB2CF00F65363 /* Resources */,
			);
			buildRules = (
			);
			dependencies = (
				DD670D7C1F1AB2CF00F65363 /* PBXTargetDependency */,
			);
			name = MiraclePillUITests;
			productName = MiraclePillUITests;
			productReference = DD670D7A1F1AB2CF00F65363 /* MiraclePillUITests.xctest */;
			productType = "com.apple.product-type.bundle.ui-testing";
		};
/* End PBXNativeTarget section */

/* Begin PBXProject section */
		DD670D531F1AB2CF00F65363 /* Project object */ = {
			isa = PBXProject;
			attributes = {
				LastSwiftUpdateCheck = 0830;
				LastUpgradeCheck = 0830;
				ORGANIZATIONNAME = "Jonathan L.";
				TargetAttributes = {
					DD670D5A1F1AB2CF00F65363 = {
						CreatedOnToolsVersion = 8.3.3;
						ProvisioningStyle = Automatic;
					};
					DD670D6E1F1AB2CF00F65363 = {
						CreatedOnToolsVersion = 8.3.3;
						ProvisioningStyle = Automatic;
						TestTargetID = DD670D5A1F1AB2CF00F65363;
					};
					DD670D791F1AB2CF00F65363 = {
						CreatedOnToolsVersion = 8.3.3;
						ProvisioningStyle = Automatic;
						TestTargetID = DD670D5A1F1AB2CF00F65363;
					};
				};
			};
			buildConfigurationList = DD670D561F1AB2CF00F65363 /* Build configuration list for PBXProject "MiraclePill" */;
			compatibilityVersion = "Xcode 3.2";
			developmentRegion = English;
			hasScannedForEncodings = 0;
			knownRegions = (
				en,
				Base,
			);
			mainGroup = DD670D521F1AB2CF00F65363;
			productRefGroup = DD670D5C1F1AB2CF00F65363 /* Products */;
			projectDirPath = "";
			projectRoot = "";
			targets = (
				DD670D5A1F1AB2CF00F65363 /* MiraclePill */,
				DD670D6E1F1AB2CF00F65363 /* MiraclePillTests */,
				DD670D791F1AB2CF00F65363 /* MiraclePillUITests */,
			);
		};
/* End PBXProject section */

/* Begin PBXResourcesBuildPhase section */
		DD670D591F1AB2CF00F65363 /* Resources */ = {
			isa = PBXResourcesBuildPhase;
			buildActionMask = 2147483647;
			files = (
				DD670D691F1AB2CF00F65363 /* LaunchScreen.storyboard in Resources */,
				DD670D661F1AB2CF00F65363 /* Assets.xcassets in Resources */,
				DD670D641F1AB2CF00F65363 /* Main.storyboard in Resources */,
			);
			runOnlyForDeploymentPostprocessing = 0;
		};
		DD670D6D1F1AB2CF00F65363 /* Resources */ = {
			isa = PBXResourcesBuildPhase;
			buildActionMask = 2147483647;
			files = (
			);
			runOnlyForDeploymentPostprocessing = 0;
		};
		DD670D781F1AB2CF00F65363 /* Resources */ = {
			isa = PBXResourcesBuildPhase;
			buildActionMask = 2147483647;
			files = (
			);
			runOnlyForDeploymentPostprocessing = 0;
		};
/* End PBXResourcesBuildPhase section */

/* Begin PBXSourcesBuildPhase section */
		DD670D571F1AB2CF00F65363 /* Sources */ = {
			isa = PBXSourcesBuildPhase;
			buildActionMask = 2147483647;
			files = (
				DD670D611F1AB2CF00F65363 /* ViewController.swift in Sources */,
				DD670D5F1F1AB2CF00F65363 /* AppDelegate.swift in Sources */,
			);
			runOnlyForDeploymentPostprocessing = 0;
		};
		DD670D6B1F1AB2CF00F65363 /* Sources */ = {
			isa = PBXSourcesBuildPhase;
			buildActionMask = 2147483647;
			files = (
				DD670D741F1AB2CF00F65363 /* MiraclePillTests.swift in Sources */,
			);
			runOnlyForDeploymentPostprocessing = 0;
		};
		DD670D761F1AB2CF00F65363 /* Sources */ = {
			isa = PBXSourcesBuildPhase;
			buildActionMask = 2147483647;
			files = (
				DD670D7F1F1AB2CF00F65363 /* MiraclePillUITests.swift in Sources */,
			);
			runOnlyForDeploymentPostprocessing = 0;
		};
/* End PBXSourcesBuildPhase section */

/* Begin PBXTargetDependency section */
		DD670D711F1AB2CF00F65363 /* PBXTargetDependency */ = {
			isa = PBXTargetDependency;
			target = DD670D5A1F1AB2CF00F65363 /* MiraclePill */;
			targetProxy = DD670D701F1AB2CF00F65363 /* PBXContainerItemProxy */;
		};
		DD670D7C1F1AB2CF00F65363 /* PBXTargetDependency */ = {
			isa = PBXTargetDependency;
			target = DD670D5A1F1AB2CF00F65363 /* MiraclePill */;
			targetProxy = DD670D7B1F1AB2CF00F65363 /* PBXContainerItemProxy */;
		};
/* End PBXTargetDependency section */

/* Begin PBXVariantGroup section */
		DD670D621F1AB2CF00F65363 /* Main.storyboard */ = {
			isa = PBXVariantGroup;
			children = (
				DD670D631F1AB2CF00F65363 /* Base */,
			);
			name = Main.storyboard;
			sourceTree = "<group>";
		};
		DD670D671F1AB2CF00F65363 /* LaunchScreen.storyboard */ = {
			isa = PBXVariantGroup;
			children = (
				DD670D681F1AB2CF00F65363 /* Base */,
			);
			name = LaunchScreen.storyboard;
			sourceTree = "<group>";
		};
/* End PBXVariantGroup section */

/* Begin XCBuildConfiguration section */
		DD670D811F1AB2CF00F65363 /* Debug */ = {
			isa = XCBuildConfiguration;
			buildSettings = {
				ALWAYS_SEARCH_USER_PATHS = NO;
				CLANG_ANALYZER_NONNULL = YES;
				CLANG_ANALYZER_NUMBER_OBJECT_CONVERSION = YES_AGGRESSIVE;
				CLANG_CXX_LANGUAGE_STANDARD = "gnu++0x";
				CLANG_CXX_LIBRARY = "libc++";
				CLANG_ENABLE_MODULES = YES;
				CLANG_ENABLE_OBJC_ARC = YES;
				CLANG_WARN_BOOL_CONVERSION = YES;
				CLANG_WARN_CONSTANT_CONVERSION = YES;
				CLANG_WARN_DIRECT_OBJC_ISA_USAGE = YES_ERROR;
				CLANG_WARN_DOCUMENTATION_COMMENTS = YES;
				CLANG_WARN_EMPTY_BODY = YES;
				CLANG_WARN_ENUM_CONVERSION = YES;
				CLANG_WARN_INFINITE_RECURSION = YES;
				CLANG_WARN_INT_CONVERSION = YES;
				CLANG_WARN_OBJC_ROOT_CLASS = YES_ERROR;
				CLANG_WARN_SUSPICIOUS_MOVE = YES;
				CLANG_WARN_UNREACHABLE_CODE = YES;
				CLANG_WARN__DUPLICATE_METHOD_MATCH = YES;
				"CODE_SIGN_IDENTITY[sdk=iphoneos*]" = "iPhone Developer";
				COPY_PHASE_STRIP = NO;
				DEBUG_INFORMATION_FORMAT = dwarf;
				ENABLE_STRICT_OBJC_MSGSEND = YES;
				ENABLE_TESTABILITY = YES;
				GCC_C_LANGUAGE_STANDARD = gnu99;
				GCC_DYNAMIC_NO_PIC = NO;
				GCC_NO_COMMON_BLOCKS = YES;
				GCC_OPTIMIZATION_LEVEL = 0;
				GCC_PREPROCESSOR_DEFINITIONS = (
					"DEBUG=1",
					"$(inherited)",
				);
				GCC_WARN_64_TO_32_BIT_CONVERSION = YES;
				GCC_WARN_ABOUT_RETURN_TYPE = YES_ERROR;
				GCC_WARN_UNDECLARED_SELECTOR = YES;
				GCC_WARN_UNINITIALIZED_AUTOS = YES_AGGRESSIVE;
				GCC_WARN_UNUSED_FUNCTION = YES;
				GCC_WARN_UNUSED_VARIABLE = YES;
				IPHONEOS_DEPLOYMENT_TARGET = 10.3;
				MTL_ENABLE_DEBUG_INFO = YES;
				ONLY_ACTIVE_ARCH = YES;
				SDKROOT = iphoneos;
				SWIFT_ACTIVE_COMPILATION_CONDITIONS = DEBUG;
				SWIFT_OPTIMIZATION_LEVEL = "-Onone";
				TARGETED_DEVICE_FAMILY = "1,2";
			};
			name = Debug;
		};
		DD670D821F1AB2CF00F65363 /* Release */ = {
			isa = XCBuildConfiguration;
			buildSettings = {
				ALWAYS_SEARCH_USER_PATHS = NO;
				CLANG_ANALYZER_NONNULL = YES;
				CLANG_ANALYZER_NUMBER_OBJECT_CONVERSION = YES_AGGRESSIVE;
				CLANG_CXX_LANGUAGE_STANDARD = "gnu++0x";
				CLANG_CXX_LIBRARY = "libc++";
				CLANG_ENABLE_MODULES = YES;
				CLANG_ENABLE_OBJC_ARC = YES;
				CLANG_WARN_BOOL_CONVERSION = YES;
				CLANG_WARN_CONSTANT_CONVERSION = YES;
				CLANG_WARN_DIRECT_OBJC_ISA_USAGE = YES_ERROR;
				CLANG_WARN_DOCUMENTATION_COMMENTS = YES;
				CLANG_WARN_EMPTY_BODY = YES;
				CLANG_WARN_ENUM_CONVERSION = YES;
				CLANG_WARN_INFINITE_RECURSION = YES;
				CLANG_WARN_INT_CONVERSION = YES;
				CLANG_WARN_OBJC_ROOT_CLASS = YES_ERROR;
				CLANG_WARN_SUSPICIOUS_MOVE = YES;
				CLANG_WARN_UNREACHABLE_CODE = YES;
				CLANG_WARN__DUPLICATE_METHOD_MATCH = YES;
				"CODE_SIGN_IDENTITY[sdk=iphoneos*]" = "iPhone Developer";
				COPY_PHASE_STRIP = NO;
				DEBUG_INFORMATION_FORMAT = "dwarf-with-dsym";
				ENABLE_NS_ASSERTIONS = NO;
				ENABLE_STRICT_OBJC_MSGSEND = YES;
				GCC_C_LANGUAGE_STANDARD = gnu99;
				GCC_NO_COMMON_BLOCKS = YES;
				GCC_WARN_64_TO_32_BIT_CONVERSION = YES;
				GCC_WARN_ABOUT_RETURN_TYPE = YES_ERROR;
				GCC_WARN_UNDECLARED_SELECTOR = YES;
				GCC_WARN_UNINITIALIZED_AUTOS = YES_AGGRESSIVE;
				GCC_WARN_UNUSED_FUNCTION = YES;
				GCC_WARN_UNUSED_VARIABLE = YES;
				IPHONEOS_DEPLOYMENT_TARGET = 10.3;
				MTL_ENABLE_DEBUG_INFO = NO;
				SDKROOT = iphoneos;
				SWIFT_OPTIMIZATION_LEVEL = "-Owholemodule";
				TARGETED_DEVICE_FAMILY = "1,2";
				VALIDATE_PRODUCT = YES;
			};
			name = Release;
		};
		DD670D841F1AB2CF00F65363 /* Debug */ = {
			isa = XCBuildConfiguration;
			buildSettings = {
				ASSETCATALOG_COMPILER_APPICON_NAME = AppIcon;
				INFOPLIST_FILE = MiraclePill/Info.plist;
				LD_RUNPATH_SEARCH_PATHS = "$(inherited) @executable_path/Frameworks";
				PRODUCT_BUNDLE_IDENTIFIER = Bluepill.MiraclePill;
				PRODUCT_NAME = "$(TARGET_NAME)";
				SWIFT_VERSION = 3.0;
			};
			name = Debug;
		};
		DD670D851F1AB2CF00F65363 /* Release */ = {
			isa = XCBuildConfiguration;
			buildSettings = {
				ASSETCATALOG_COMPILER_APPICON_NAME = AppIcon;
				INFOPLIST_FILE = MiraclePill/Info.plist;
				LD_RUNPATH_SEARCH_PATHS = "$(inherited) @executable_path/Frameworks";
				PRODUCT_BUNDLE_IDENTIFIER = Bluepill.MiraclePill;
				PRODUCT_NAME = "$(TARGET_NAME)";
				SWIFT_VERSION = 3.0;
			};
			name = Release;
		};
		DD670D871F1AB2CF00F65363 /* Debug */ = {
			isa = XCBuildConfiguration;
			buildSettings = {
				ALWAYS_EMBED_SWIFT_STANDARD_LIBRARIES = YES;
				BUNDLE_LOADER = "$(TEST_HOST)";
				INFOPLIST_FILE = MiraclePillTests/Info.plist;
				LD_RUNPATH_SEARCH_PATHS = "$(inherited) @executable_path/Frameworks @loader_path/Frameworks";
				PRODUCT_BUNDLE_IDENTIFIER = Bluepill.MiraclePillTests;
				PRODUCT_NAME = "$(TARGET_NAME)";
				SWIFT_VERSION = 3.0;
				TEST_HOST = "$(BUILT_PRODUCTS_DIR)/MiraclePill.app/MiraclePill";
			};
			name = Debug;
		};
		DD670D881F1AB2CF00F65363 /* Release */ = {
			isa = XCBuildConfiguration;
			buildSettings = {
				ALWAYS_EMBED_SWIFT_STANDARD_LIBRARIES = YES;
				BUNDLE_LOADER = "$(TEST_HOST)";
				INFOPLIST_FILE = MiraclePillTests/Info.plist;
				LD_RUNPATH_SEARCH_PATHS = "$(inherited) @executable_path/Frameworks @loader_path/Frameworks";
				PRODUCT_BUNDLE_IDENTIFIER = Bluepill.MiraclePillTests;
				PRODUCT_NAME = "$(TARGET_NAME)";
				SWIFT_VERSION = 3.0;
				TEST_HOST = "$(BUILT_PRODUCTS_DIR)/MiraclePill.app/MiraclePill";
			};
			name = Release;
		};
		DD670D8A1F1AB2CF00F65363 /* Debug */ = {
			isa = XCBuildConfiguration;
			buildSettings = {
				ALWAYS_EMBED_SWIFT_STANDARD_LIBRARIES = YES;
				INFOPLIST_FILE = MiraclePillUITests/Info.plist;
				LD_RUNPATH_SEARCH_PATHS = "$(inherited) @executable_path/Frameworks @loader_path/Frameworks";
				PRODUCT_BUNDLE_IDENTIFIER = Bluepill.MiraclePillUITests;
				PRODUCT_NAME = "$(TARGET_NAME)";
				SWIFT_VERSION = 3.0;
				TEST_TARGET_NAME = MiraclePill;
			};
			name = Debug;
		};
		DD670D8B1F1AB2CF00F65363 /* Release */ = {
			isa = XCBuildConfiguration;
			buildSettings = {
				ALWAYS_EMBED_SWIFT_STANDARD_LIBRARIES = YES;
				INFOPLIST_FILE = MiraclePillUITests/Info.plist;
				LD_RUNPATH_SEARCH_PATHS = "$(inherited) @executable_path/Frameworks @loader_path/Frameworks";
				PRODUCT_BUNDLE_IDENTIFIER = Bluepill.MiraclePillUITests;
				PRODUCT_NAME = "$(TARGET_NAME)";
				SWIFT_VERSION = 3.0;
				TEST_TARGET_NAME = MiraclePill;
			};
			name = Release;
		};
/* End XCBuildConfiguration section */

/* Begin XCConfigurationList section */
		DD670D561F1AB2CF00F65363 /* Build configuration list for PBXProject "MiraclePill" */ = {
			isa = XCConfigurationList;
			buildConfigurations = (
				DD670D811F1AB2CF00F65363 /* Debug */,
				DD670D821F1AB2CF00F65363 /* Release */,
			);
			defaultConfigurationIsVisible = 0;
			defaultConfigurationName = Release;
		};
		DD670D831F1AB2CF00F65363 /* Build configuration list for PBXNativeTarget "MiraclePill" */ = {
			isa = XCConfigurationList;
			buildConfigurations = (
				DD670D841F1AB2CF00F65363 /* Debug */,
				DD670D851F1AB2CF00F65363 /* Release */,
			);
			defaultConfigurationIsVisible = 0;
		};
		DD670D861F1AB2CF00F65363 /* Build configuration list for PBXNativeTarget "MiraclePillTests" */ = {
			isa = XCConfigurationList;
			buildConfigurations = (
				DD670D871F1AB2CF00F65363 /* Debug */,
				DD670D881F1AB2CF00F65363 /* Release */,
			);
			defaultConfigurationIsVisible = 0;
		};
		DD670D891F1AB2CF00F65363 /* Build configuration list for PBXNativeTarget "MiraclePillUITests" */ = {
			isa = XCConfigurationList;
			buildConfigurations = (
				DD670D8A1F1AB2CF00F65363 /* Debug */,
				DD670D8B1F1AB2CF00F65363 /* Release */,
			);
			defaultConfigurationIsVisible = 0;
		};
/* End XCConfigurationList section */
	};
	rootObject = DD670D531F1AB2CF00F65363 /* Project object */;
}
